{
  "object": {
    "pins": [
      {
        "package": "SnapKit",
        "repositoryURL": "https://github.com/SnapKit/SnapKit",
        "state": {
          "branch": null,
          "revision": "d458564516e5676af9c70b4f4b2a9178294f1bc6",
          "version": "5.0.1"
        }
      },
      {
        "package": "WHNetwork",
        "repositoryURL": "https://git.nonprod.williamhill.plc/sportsbook/us-platform-mobile/WHNetwork",
        "state": {
          "branch": "develop",
          "revision": "9d63ce2cff06475b39b08c4be5b3a3267fc9c860",
          "version": null
        }
      },
      {
        "package": "WHSportsbook",
        "repositoryURL": "https://git.nonprod.williamhill.plc/sportsbook/us-platform-mobile/WHSportsbook.git",
        "state": {
          "branch": "test-throwaway",
          "revision": "3cb5ebf8b6b78ee5763fdbdc914ccb3e5f8350d1",
          "version": null
        }
      }
    ]
  },
  "version": 1
}
